
Microsoft Visual Studio Solution File, Format Version 12.00
# Visual Studio Version 16
VisualStudioVersion = 16.0.32602.291
MinimumVisualStudioVersion = 10.0.40219.1
Project("{9A19103F-16F7-4668-BE54-9A1E7A4F7556}") = "Mini_Project-Backend", "Mini_Project-Backend.csproj", "{D3B0FB4D-C49D-4A34-85F2-0B80637EABE7}"
EndProject
Global
	GlobalSection(SolutionConfigurationPlatforms) = preSolution
		Debug|Any CPU = Debug|Any CPU
		Release|Any CPU = Release|Any CPU
	EndGlobalSection
	GlobalSection(ProjectConfigurationPlatforms) = postSolution
		{D3B0FB4D-C49D-4A34-85F2-0B80637EABE7}.Debug|Any CPU.ActiveCfg = Debug|Any CPU
		{D3B0FB4D-C49D-4A34-85F2-0B80637EABE7}.Debug|Any CPU.Build.0 = Debug|Any CPU
		{D3B0FB4D-C49D-4A34-85F2-0B80637EABE7}.Release|Any CPU.ActiveCfg = Release|Any CPU
		{D3B0FB4D-C49D-4A34-85F2-0B80637EABE7}.Release|Any CPU.Build.0 = Release|Any CPU
	EndGlobalSection
	GlobalSection(SolutionProperties) = preSolution
		HideSolutionNode = FALSE
	EndGlobalSection
	GlobalSection(ExtensibilityGlobals) = postSolution
		SolutionGuid = {7F84CB09-3C2D-40CE-83F5-E2CAD254AB38}
	EndGlobalSection
EndGlobal
