
Microsoft Visual Studio Solution File, Format Version 12.00
# Visual Studio Version 17
VisualStudioVersion = 17.0.31919.166
MinimumVisualStudioVersion = 10.0.40219.1
Project("{FAE04EC0-301F-11D3-BF4B-00C04F79EFBC}") = "ForPractice", "ForPractice.csproj", "{D5FBF265-2307-43EE-A149-D56C7D3912EE}"
EndProject
Global
	GlobalSection(SolutionConfigurationPlatforms) = preSolution
		Debug|Any CPU = Debug|Any CPU
		Release|Any CPU = Release|Any CPU
	EndGlobalSection
	GlobalSection(ProjectConfigurationPlatforms) = postSolution
		{D5FBF265-2307-43EE-A149-D56C7D3912EE}.Debug|Any CPU.ActiveCfg = Debug|Any CPU
		{D5FBF265-2307-43EE-A149-D56C7D3912EE}.Debug|Any CPU.Build.0 = Debug|Any CPU
		{D5FBF265-2307-43EE-A149-D56C7D3912EE}.Release|Any CPU.ActiveCfg = Release|Any CPU
		{D5FBF265-2307-43EE-A149-D56C7D3912EE}.Release|Any CPU.Build.0 = Release|Any CPU
	EndGlobalSection
	GlobalSection(SolutionProperties) = preSolution
		HideSolutionNode = FALSE
	EndGlobalSection
	GlobalSection(ExtensibilityGlobals) = postSolution
		SolutionGuid = {5453FF92-F794-4F63-9F64-0B7121A7A4A6}
	EndGlobalSection
EndGlobal
