
Microsoft Visual Studio Solution File, Format Version 12.00
# Visual Studio Version 17
VisualStudioVersion = 17.0.31919.166
MinimumVisualStudioVersion = 10.0.40219.1
Project("{FAE04EC0-301F-11D3-BF4B-00C04F79EFBC}") = "Generic", "Generic.csproj", "{FBBBB7C0-23F7-4AC4-85A8-B2E2600D2B21}"
EndProject
Project("{FAE04EC0-301F-11D3-BF4B-00C04F79EFBC}") = "Extension", "..\Extension\Extension.csproj", "{40789146-8C34-4BE5-9D16-54223029F5CA}"
EndProject
Global
	GlobalSection(SolutionConfigurationPlatforms) = preSolution
		Debug|Any CPU = Debug|Any CPU
		Release|Any CPU = Release|Any CPU
	EndGlobalSection
	GlobalSection(ProjectConfigurationPlatforms) = postSolution
		{FBBBB7C0-23F7-4AC4-85A8-B2E2600D2B21}.Debug|Any CPU.ActiveCfg = Debug|Any CPU
		{FBBBB7C0-23F7-4AC4-85A8-B2E2600D2B21}.Debug|Any CPU.Build.0 = Debug|Any CPU
		{FBBBB7C0-23F7-4AC4-85A8-B2E2600D2B21}.Release|Any CPU.ActiveCfg = Release|Any CPU
		{FBBBB7C0-23F7-4AC4-85A8-B2E2600D2B21}.Release|Any CPU.Build.0 = Release|Any CPU
		{40789146-8C34-4BE5-9D16-54223029F5CA}.Debug|Any CPU.ActiveCfg = Debug|Any CPU
		{40789146-8C34-4BE5-9D16-54223029F5CA}.Debug|Any CPU.Build.0 = Debug|Any CPU
		{40789146-8C34-4BE5-9D16-54223029F5CA}.Release|Any CPU.ActiveCfg = Release|Any CPU
		{40789146-8C34-4BE5-9D16-54223029F5CA}.Release|Any CPU.Build.0 = Release|Any CPU
	EndGlobalSection
	GlobalSection(SolutionProperties) = preSolution
		HideSolutionNode = FALSE
	EndGlobalSection
	GlobalSection(ExtensibilityGlobals) = postSolution
		SolutionGuid = {1AFA21B8-2474-47F4-BEE9-10598CBF80F5}
	EndGlobalSection
EndGlobal
